
Microsoft Visual Studio Solution File, Format Version 12.00
# Visual Studio Version 17
VisualStudioVersion = 17.5.33516.290
MinimumVisualStudioVersion = 10.0.40219.1
Project("{9A19103F-16F7-4668-BE54-9A1E7A4F7556}") = "UapkiNet", "UapkiNet.csproj", "{2EE7195A-9850-4038-8C87-EA36BD75193A}"
EndProject
Global
	GlobalSection(SolutionConfigurationPlatforms) = preSolution
		Debug|Any CPU = Debug|Any CPU
		Debug|x64 = Debug|x64
		Release|Any CPU = Release|Any CPU
		Release|x64 = Release|x64
	EndGlobalSection
	GlobalSection(ProjectConfigurationPlatforms) = postSolution
		{2EE7195A-9850-4038-8C87-EA36BD75193A}.Debug|Any CPU.ActiveCfg = Debug|Any CPU
		{2EE7195A-9850-4038-8C87-EA36BD75193A}.Debug|Any CPU.Build.0 = Debug|Any CPU
		{2EE7195A-9850-4038-8C87-EA36BD75193A}.Debug|x64.ActiveCfg = Debug|x64
		{2EE7195A-9850-4038-8C87-EA36BD75193A}.Debug|x64.Build.0 = Debug|x64
		{2EE7195A-9850-4038-8C87-EA36BD75193A}.Release|Any CPU.ActiveCfg = Release|Any CPU
		{2EE7195A-9850-4038-8C87-EA36BD75193A}.Release|Any CPU.Build.0 = Release|Any CPU
		{2EE7195A-9850-4038-8C87-EA36BD75193A}.Release|x64.ActiveCfg = Release|x64
		{2EE7195A-9850-4038-8C87-EA36BD75193A}.Release|x64.Build.0 = Release|x64
	EndGlobalSection
	GlobalSection(SolutionProperties) = preSolution
		HideSolutionNode = FALSE
	EndGlobalSection
	GlobalSection(ExtensibilityGlobals) = postSolution
		SolutionGuid = {8F5DF528-7B7C-4089-ACC7-0D77FE682141}
	EndGlobalSection
EndGlobal
