
Microsoft Visual Studio Solution File, Format Version 12.00
# Visual Studio Version 17
VisualStudioVersion = 17.14.37411.7 d17.14
MinimumVisualStudioVersion = 10.0.40219.1
Project("{FAE04EC0-301F-11D3-BF4B-00C04F79EFBC}") = "UapkiNet", "UapkiNet.csproj", "{9F92BDF6-CE96-9DD3-5746-4099CEB2A2DE}"
EndProject
Global
	GlobalSection(SolutionConfigurationPlatforms) = preSolution
		Debug|Any CPU = Debug|Any CPU
		Release|Any CPU = Release|Any CPU
	EndGlobalSection
	GlobalSection(ProjectConfigurationPlatforms) = postSolution
		{9F92BDF6-CE96-9DD3-5746-4099CEB2A2DE}.Debug|Any CPU.ActiveCfg = Debug|Any CPU
		{9F92BDF6-CE96-9DD3-5746-4099CEB2A2DE}.Debug|Any CPU.Build.0 = Debug|Any CPU
		{9F92BDF6-CE96-9DD3-5746-4099CEB2A2DE}.Release|Any CPU.ActiveCfg = Release|Any CPU
		{9F92BDF6-CE96-9DD3-5746-4099CEB2A2DE}.Release|Any CPU.Build.0 = Release|Any CPU
	EndGlobalSection
	GlobalSection(SolutionProperties) = preSolution
		HideSolutionNode = FALSE
	EndGlobalSection
	GlobalSection(ExtensibilityGlobals) = postSolution
		SolutionGuid = {64F1F9F6-9754-49E3-82AC-38766F752BBB}
	EndGlobalSection
EndGlobal
